{
  "name": "dsh-zeroweb",
  "version": "0.0.1",
  "lockfileVersion": 3,
  "requires": true,
  "packages": {
    "": {
      "name": "dsh-zeroweb",
      "version": "0.0.1",
      "license": "MIT",
      "workspaces": [
        "apps/*",
        "packages/*"
      ],
      "engines": {
        "node": ">=22"
      }
    }
  }
}
